<?xml version="1.0" encoding="utf-8"?>
<Project ToolsVersion="4.0" xmlns="http://schemas.microsoft.com/developer/msbuild/2003">
  <ItemGroup>
    <Filter Include="소스 파일">
      <UniqueIdentifier>{4FC737F1-C7A5-4376-A066-2A32D752A2FF}</UniqueIdentifier>
      <Extensions>cpp;c;cc;cxx;c++;cppm;ixx;def;odl;idl;hpj;bat;asm;asmx</Extensions>
    </Filter>
    <Filter Include="헤더 파일">
      <UniqueIdentifier>{93995380-89BD-4b04-88EB-625FBE52EBFB}</UniqueIdentifier>
      <Extensions>h;hh;hpp;hxx;h++;hm;inl;inc;ipp;xsd</Extensions>
    </Filter>
    <Filter Include="리소스 파일">
      <UniqueIdentifier>{67DA6AB6-F800-4c08-8B7A-83BB121AAD01}</UniqueIdentifier>
      <Extensions>rc;ico;cur;bmp;dlg;rc2;rct;bin;rgs;gif;jpg;jpeg;jpe;resx;tiff;tif;png;wav;mfcribbon-ms</Extensions>
    </Filter>
    <Filter Include="소스 파일\Study_Base">
      <UniqueIdentifier>{f68ca430-0944-4e08-8df0-a3914b52a43f}</UniqueIdentifier>
    </Filter>
  </ItemGroup>
  <ItemGroup>
    <ClCompile Include="Recursive.cpp">
      <Filter>소스 파일\Study_Base</Filter>
    </ClCompile>
    <ClCompile Include="순열.cpp">
      <Filter>소스 파일\Study_Base</Filter>
    </ClCompile>
    <ClCompile Include="순열_재귀함수.cpp">
      <Filter>소스 파일\Study_Base</Filter>
    </ClCompile>
    <ClCompile Include="조합_재귀함수.cpp">
      <Filter>소스 파일\Study_Base</Filter>
    </ClCompile>
    <ClCompile Include="복습.cpp">
      <Filter>소스 파일\Study_Base</Filter>
    </ClCompile>
    <ClCompile Include="Split.cpp">
      <Filter>소스 파일\Study_Base</Filter>
    </ClCompile>
    <ClCompile Include="unique.cpp">
      <Filter>소스 파일\Study_Base</Filter>
    </ClCompile>
    <ClCompile Include="테스트.cpp">
      <Filter>소스 파일\Study_Base</Filter>
    </ClCompile>
    <ClCompile Include="2309_일곱_난쟁이.cpp">
      <Filter>소스 파일\Study_Base</Filter>
    </ClCompile>
    <ClCompile Include="10808_알파벳_개수.cpp">
      <Filter>소스 파일\Study_Base</Filter>
    </ClCompile>
    <ClCompile Include="2979_트럭_주차.cpp">
      <Filter>소스 파일\Study_Base</Filter>
    </ClCompile>
    <ClCompile Include="10988_팰린드롬인지_확인하기.cpp">
      <Filter>소스 파일\Study_Base</Filter>
    </ClCompile>
    <ClCompile Include="1159_농구_경기.cpp">
      <Filter>소스 파일\Study_Base</Filter>
    </ClCompile>
    <ClCompile Include="11655_ROT13.cpp">
      <Filter>소스 파일\Study_Base</Filter>
    </ClCompile>
    <ClCompile Include="9996_한국이_그리울_땐_서버에_접속하지.cpp">
      <Filter>소스 파일\Study_Base</Filter>
    </ClCompile>
    <ClCompile Include="2559_수열.cpp">
      <Filter>소스 파일\Study_Base</Filter>
    </ClCompile>
    <ClCompile Include="1620_나는야_포켓몬_마스터_이다솜.cpp">
      <Filter>소스 파일\Study_Base</Filter>
    </ClCompile>
    <ClCompile Include="9375_패션왕_신해빈.cpp">
      <Filter>소스 파일\Study_Base</Filter>
    </ClCompile>
    <ClCompile Include="1213_팰린드롬_만들기.cpp">
      <Filter>소스 파일\Study_Base</Filter>
    </ClCompile>
    <ClCompile Include="1940_주몽.cpp">
      <Filter>소스 파일\Study_Base</Filter>
    </ClCompile>
    <ClCompile Include="3986_좋은_단어.cpp">
      <Filter>소스 파일\Study_Base</Filter>
    </ClCompile>
    <ClCompile Include="1629_곱셈.cpp">
      <Filter>소스 파일\Study_Base</Filter>
    </ClCompile>
    <ClCompile Include="4375_1.cpp">
      <Filter>소스 파일\Study_Base</Filter>
    </ClCompile>
    <ClCompile Include="인접행렬.cpp">
      <Filter>소스 파일\Study_Base</Filter>
    </ClCompile>
    <ClCompile Include="인접 리스트.cpp">
      <Filter>소스 파일\Study_Base</Filter>
    </ClCompile>
    <ClCompile Include="맵.cpp">
      <Filter>소스 파일\Study_Base</Filter>
    </ClCompile>
    <ClCompile Include="DFS.cpp">
      <Filter>소스 파일\Study_Base</Filter>
    </ClCompile>
    <ClCompile Include="BFS.cpp">
      <Filter>소스 파일\Study_Base</Filter>
    </ClCompile>
    <ClCompile Include="트리순회.cpp">
      <Filter>소스 파일\Study_Base</Filter>
    </ClCompile>
    <ClCompile Include="2178_미로.cpp">
      <Filter>소스 파일\Study_Base</Filter>
    </ClCompile>
    <ClCompile Include="1012_유기농_배추.cpp">
      <Filter>소스 파일\Study_Base</Filter>
    </ClCompile>
    <ClCompile Include="2468_안전_영역.cpp">
      <Filter>소스 파일\Study_Base</Filter>
    </ClCompile>
    <ClCompile Include="2583_영역_구하기.cpp">
      <Filter>소스 파일\Study_Base</Filter>
    </ClCompile>
    <ClCompile Include="1992_쿼드트리.cpp">
      <Filter>소스 파일\Study_Base</Filter>
    </ClCompile>
    <ClCompile Include="2828_사과_담기_게임.cpp">
      <Filter>소스 파일\Study_Base</Filter>
    </ClCompile>
    <ClCompile Include="2910_빈도_정렬.cpp">
      <Filter>소스 파일\Study_Base</Filter>
    </ClCompile>
    <ClCompile Include="4659_비밀번호_발음하기.cpp">
      <Filter>소스 파일\Study_Base</Filter>
    </ClCompile>
    <ClCompile Include="2870_수학숙제.cpp">
      <Filter>소스 파일\Study_Base</Filter>
    </ClCompile>
    <ClCompile Include="10709_기상캐스터.cpp">
      <Filter>소스 파일\Study_Base</Filter>
    </ClCompile>
    <ClCompile Include="3474_교수가_된_현우.cpp">
      <Filter>소스 파일\Study_Base</Filter>
    </ClCompile>
    <ClCompile Include="2852_NBA_농구.cpp">
      <Filter>소스 파일\Study_Base</Filter>
    </ClCompile>
    <ClCompile Include="1436_영화감독_숌.cpp">
      <Filter>소스 파일\Study_Base</Filter>
    </ClCompile>
    <ClCompile Include="9012_괄호.cpp">
      <Filter>소스 파일\Study_Base</Filter>
    </ClCompile>
    <ClCompile Include="4949_균형잡힌_세상.cpp">
      <Filter>소스 파일\Study_Base</Filter>
    </ClCompile>
    <ClCompile Include="2636_치즈.cpp">
      <Filter>소스 파일\Study_Base</Filter>
    </ClCompile>
    <ClCompile Include="1068_트리.cpp">
      <Filter>소스 파일\Study_Base</Filter>
    </ClCompile>
    <ClCompile Include="1325_효율적인_해킹.cpp">
      <Filter>소스 파일\Study_Base</Filter>
    </ClCompile>
    <ClCompile Include="17298_오큰수.cpp">
      <Filter>소스 파일\Study_Base</Filter>
    </ClCompile>
    <ClCompile Include="15686_치킨_배달.cpp">
      <Filter>소스 파일\Study_Base</Filter>
    </ClCompile>
    <ClCompile Include="2589_보물섬.cpp">
      <Filter>소스 파일\Study_Base</Filter>
    </ClCompile>
    <ClCompile Include="16234_인구_이동.cpp">
      <Filter>소스 파일\Study_Base</Filter>
    </ClCompile>
    <ClCompile Include="4179_불!.cpp">
      <Filter>소스 파일\Study_Base</Filter>
    </ClCompile>
    <ClCompile Include="12869_뮤탈리스크.cpp">
      <Filter>소스 파일\Study_Base</Filter>
    </ClCompile>
    <ClCompile Include="16637_괄호_추가하기.cpp">
      <Filter>소스 파일\Study_Base</Filter>
    </ClCompile>
    <ClCompile Include="12851_숨바꼭질_2.cpp">
      <Filter>소스 파일\Study_Base</Filter>
    </ClCompile>
    <ClCompile Include="13913_숨바꼭질_4.cpp">
      <Filter>소스 파일\Study_Base</Filter>
    </ClCompile>
    <ClCompile Include="17071_숨바꼭질_5.cpp">
      <Filter>소스 파일\Study_Base</Filter>
    </ClCompile>
    <ClCompile Include="14497_주난의_난.cpp">
      <Filter>소스 파일\Study_Base</Filter>
    </ClCompile>
    <ClCompile Include="3197_백조의_호수.cpp">
      <Filter>소스 파일\Study_Base</Filter>
    </ClCompile>
    <ClCompile Include="1987_알파벳.cpp">
      <Filter>소스 파일\Study_Base</Filter>
    </ClCompile>
    <ClCompile Include="2529_부등호.cpp">
      <Filter>소스 파일\Study_Base</Filter>
    </ClCompile>
    <ClCompile Include="9934_완전_이진_트리.cpp">
      <Filter>소스 파일\Study_Base</Filter>
    </ClCompile>
    <ClCompile Include="15684_사다리_조작.cpp">
      <Filter>소스 파일\Study_Base</Filter>
    </ClCompile>
    <ClCompile Include="14620_꽃길.cpp">
      <Filter>소스 파일\Study_Base</Filter>
    </ClCompile>
    <ClCompile Include="1189_컴백홈.cpp">
      <Filter>소스 파일\Study_Base</Filter>
    </ClCompile>
    <ClCompile Include="비트마스킹.cpp">
      <Filter>소스 파일\Study_Base</Filter>
    </ClCompile>
    <ClCompile Include="19942_다이어트.cpp">
      <Filter>소스 파일\Study_Base</Filter>
    </ClCompile>
    <ClCompile Include="1285_동전_뒤집기.cpp">
      <Filter>소스 파일\Study_Base</Filter>
    </ClCompile>
    <ClCompile Include="17471_게리맨더링.cpp">
      <Filter>소스 파일\Study_Base</Filter>
    </ClCompile>
    <ClCompile Include="1987_알파벳_비트마스킹.cpp">
      <Filter>소스 파일\Study_Base</Filter>
    </ClCompile>
    <ClCompile Include="14890_경사로.cpp">
      <Filter>소스 파일\Study_Base</Filter>
    </ClCompile>
    <ClCompile Include="1062_가르침.cpp">
      <Filter>소스 파일\Study_Base</Filter>
    </ClCompile>
    <ClCompile Include="1094_막대기.cpp">
      <Filter>소스 파일\Study_Base</Filter>
    </ClCompile>
    <ClCompile Include="2234_성곽.cpp">
      <Filter>소스 파일\Study_Base</Filter>
    </ClCompile>
    <ClCompile Include="11723_집합.cpp">
      <Filter>소스 파일\Study_Base</Filter>
    </ClCompile>
    <ClCompile Include="14391_종이_조각.cpp">
      <Filter>소스 파일\Study_Base</Filter>
    </ClCompile>
    <ClCompile Include="13244_Tree.cpp">
      <Filter>소스 파일\Study_Base</Filter>
    </ClCompile>
    <ClCompile Include="5430_AC.cpp">
      <Filter>소스 파일\Study_Base</Filter>
    </ClCompile>
    <ClCompile Include="14405_피카츄.cpp">
      <Filter>소스 파일\Study_Base</Filter>
    </ClCompile>
    <ClCompile Include="15353_큰_수_A+B_2.cpp">
      <Filter>소스 파일\Study_Base</Filter>
    </ClCompile>
    <ClCompile Include="15926_현욱은_괄호양이야!.cpp">
      <Filter>소스 파일\Study_Base</Filter>
    </ClCompile>
    <ClCompile Include="3015_오아시스_재결합.cpp">
      <Filter>소스 파일\Study_Base</Filter>
    </ClCompile>
    <ClCompile Include="2557 Hello World.cpp">
      <Filter>소스 파일\Study_Base</Filter>
    </ClCompile>
    <ClCompile Include="1000 A + B.cpp">
      <Filter>소스 파일\Study_Base</Filter>
    </ClCompile>
    <ClCompile Include="1001 A - B.cpp">
      <Filter>소스 파일\Study_Base</Filter>
    </ClCompile>
    <ClCompile Include="10998 AxB.cpp">
      <Filter>소스 파일\Study_Base</Filter>
    </ClCompile>
    <ClCompile Include="1008 A\1008 A 나누기 B.cpp">
      <Filter>소스 파일\Study_Base</Filter>
    </ClCompile>
    <ClCompile Include="10869 사칙연산.cpp">
      <Filter>소스 파일\Study_Base</Filter>
    </ClCompile>
    <ClCompile Include="10926 물음표 물음표 느낌표.cpp">
      <Filter>소스 파일\Study_Base</Filter>
    </ClCompile>
    <ClCompile Include="18108 1998년생인 내가 태국에서는 2541년생.cpp">
      <Filter>소스 파일\Study_Base</Filter>
    </ClCompile>
    <ClCompile Include="10430 나머지.cpp">
      <Filter>소스 파일\Study_Base</Filter>
    </ClCompile>
    <ClCompile Include="2588 곱셈.cpp">
      <Filter>소스 파일\Study_Base</Filter>
    </ClCompile>
    <ClCompile Include="11382 꼬마 정민.cpp">
      <Filter>소스 파일\Study_Base</Filter>
    </ClCompile>
    <ClCompile Include="10171 고양이.cpp">
      <Filter>소스 파일\Study_Base</Filter>
    </ClCompile>
    <ClCompile Include="10172 개.cpp">
      <Filter>소스 파일\Study_Base</Filter>
    </ClCompile>
    <ClCompile Include="1330_두 수 비교하기.cpp">
      <Filter>소스 파일\Study_Base</Filter>
    </ClCompile>
    <ClCompile Include="9498 시험 성적.cpp">
      <Filter>소스 파일\Study_Base</Filter>
    </ClCompile>
    <ClCompile Include="2753 윤년.cpp">
      <Filter>소스 파일\Study_Base</Filter>
    </ClCompile>
    <ClCompile Include="14681 사분면 고르기.cpp">
      <Filter>소스 파일\Study_Base</Filter>
    </ClCompile>
    <ClCompile Include="2884 알람 시계.cpp">
      <Filter>소스 파일\Study_Base</Filter>
    </ClCompile>
    <ClCompile Include="2525 오븐 시계.cpp">
      <Filter>소스 파일\Study_Base</Filter>
    </ClCompile>
    <ClCompile Include="2480 주사위 세개.cpp">
      <Filter>소스 파일\Study_Base</Filter>
    </ClCompile>
    <ClCompile Include="2739 구구단.cpp">
      <Filter>소스 파일\Study_Base</Filter>
    </ClCompile>
    <ClCompile Include="10950 A+B-3.cpp">
      <Filter>소스 파일\Study_Base</Filter>
    </ClCompile>
    <ClCompile Include="8393 합.cpp">
      <Filter>소스 파일\Study_Base</Filter>
    </ClCompile>
    <ClCompile Include="25304 영수증.cpp">
      <Filter>소스 파일\Study_Base</Filter>
    </ClCompile>
    <ClCompile Include="25314 코딩은 체육과목 입니다.cpp">
      <Filter>소스 파일\Study_Base</Filter>
    </ClCompile>
    <ClCompile Include="15552 빠른 A+B.cpp">
      <Filter>소스 파일\Study_Base</Filter>
    </ClCompile>
    <ClCompile Include="11021 A+B - 7.cpp">
      <Filter>소스 파일\Study_Base</Filter>
    </ClCompile>
    <ClCompile Include="11022 A+B - 8.cpp">
      <Filter>소스 파일\Study_Base</Filter>
    </ClCompile>
    <ClCompile Include="2438 별 찍기 - 1.cpp">
      <Filter>소스 파일\Study_Base</Filter>
    </ClCompile>
    <ClCompile Include="2439 별 찍기 - 2.cpp">
      <Filter>소스 파일\Study_Base</Filter>
    </ClCompile>
    <ClCompile Include="..\BOJ\11720_숫자의_합.cpp">
      <Filter>소스 파일\Study_Base</Filter>
    </ClCompile>
    <ClCompile Include="2562 최댓값.cpp">
      <Filter>소스 파일\Study_Base</Filter>
    </ClCompile>
    <ClCompile Include="3052 나머지.cpp">
      <Filter>소스 파일\Study_Base</Filter>
    </ClCompile>
    <ClCompile Include="5597 과제 안 내신 분.cpp">
      <Filter>소스 파일\Study_Base</Filter>
    </ClCompile>
    <ClCompile Include="10807 개수 세기.cpp">
      <Filter>소스 파일\Study_Base</Filter>
    </ClCompile>
    <ClCompile Include="10810 공 넣기.cpp">
      <Filter>소스 파일\Study_Base</Filter>
    </ClCompile>
    <ClCompile Include="10811 바구니 뒤집기.cpp">
      <Filter>소스 파일\Study_Base</Filter>
    </ClCompile>
    <ClCompile Include="10813 공 바꾸기.cpp">
      <Filter>소스 파일\Study_Base</Filter>
    </ClCompile>
    <ClCompile Include="10818 최소, 최대.cpp">
      <Filter>소스 파일\Study_Base</Filter>
    </ClCompile>
    <ClCompile Include="10871 X보다 작은 수.cpp">
      <Filter>소스 파일\Study_Base</Filter>
    </ClCompile>
    <ClCompile Include="10951 A+B - 4.cpp">
      <Filter>소스 파일\Study_Base</Filter>
    </ClCompile>
    <ClCompile Include="10952 A+B - 5.cpp">
      <Filter>소스 파일\Study_Base</Filter>
    </ClCompile>
    <ClCompile Include="1546 평균.cpp">
      <Filter>소스 파일</Filter>
    </ClCompile>
    <ClCompile Include="27866 문자와 문자열.cpp">
      <Filter>소스 파일</Filter>
    </ClCompile>
    <ClCompile Include="2743  단어 길이 재기cpp.cpp">
      <Filter>소스 파일</Filter>
    </ClCompile>
    <ClCompile Include="9086 문자열.cpp">
      <Filter>소스 파일</Filter>
    </ClCompile>
    <ClCompile Include="11654 아스키 코드.cpp">
      <Filter>소스 파일</Filter>
    </ClCompile>
    <ClCompile Include="11720 숫자의 합.cpp">
      <Filter>소스 파일</Filter>
    </ClCompile>
    <ClCompile Include="10809 알파벳 찾기.cpp">
      <Filter>소스 파일</Filter>
    </ClCompile>
    <ClCompile Include="2675 문자열 반복.cpp">
      <Filter>소스 파일</Filter>
    </ClCompile>
    <ClCompile Include="1152 단어의 개수.cpp">
      <Filter>소스 파일</Filter>
    </ClCompile>
    <ClCompile Include="2908 상수.cpp">
      <Filter>소스 파일</Filter>
    </ClCompile>
    <ClCompile Include="5622 다이얼.cpp">
      <Filter>소스 파일</Filter>
    </ClCompile>
  </ItemGroup>
  <ItemGroup>
    <ClInclude Include="..\CodingTest.h">
      <Filter>헤더 파일</Filter>
    </ClInclude>
    <ClInclude Include="2852_NBA_농구.h">
      <Filter>헤더 파일</Filter>
    </ClInclude>
    <ClInclude Include="14502_연구소.cpp">
      <Filter>소스 파일\Study_Base</Filter>
    </ClInclude>
  </ItemGroup>
</Project>